<Solution>
  <Folder Name="/backend/" />
  <Folder Name="/backend/src/">
    <Project Path="src/Claims.Api/Claims.Api.csproj" />
    <Project Path="src/Claims.Application/Claims.Application.csproj" />
    <Project Path="src/Claims.Domain/Claims.Domain.csproj" />
    <Project Path="src/Claims.Infrastructure/Claims.Infrastructure.csproj" />
  </Folder>
  <Folder Name="/backend/tests/">
    <Project Path="tests/Claims.Tests/Claims.Tests.csproj" />
  </Folder>
  <Folder Name="/database/">
    <Project Path="database/ClaimsDatabase.sqlproj" Type="42ea0dbd-9cf1-443e-919e-be9c484e4577" Id="6fda9e8e-ec40-416d-9c8e-26cc4ab3a642" />
  </Folder>
  <Folder Name="/frontend/">
  </Folder>
</Solution>